
Microsoft Visual Studio Solution File, Format Version 12.00
# Visual Studio Version 17
VisualStudioVersion = 17.8.34511.84
MinimumVisualStudioVersion = 10.0.40219.1
Project("{FAE04EC0-301F-11D3-BF4B-00C04F79EFBC}") = "EventHandlersDemo", "EventHandlersDemo\EventHandlersDemo.csproj", "{CC3EB8BA-9CFD-49C4-83A1-2C7023728ECE}"
EndProject
Global
	GlobalSection(SolutionConfigurationPlatforms) = preSolution
		Debug|Any CPU = Debug|Any CPU
		Release|Any CPU = Release|Any CPU
	EndGlobalSection
	GlobalSection(ProjectConfigurationPlatforms) = postSolution
		{CC3EB8BA-9CFD-49C4-83A1-2C7023728ECE}.Debug|Any CPU.ActiveCfg = Debug|Any CPU
		{CC3EB8BA-9CFD-49C4-83A1-2C7023728ECE}.Debug|Any CPU.Build.0 = Debug|Any CPU
		{CC3EB8BA-9CFD-49C4-83A1-2C7023728ECE}.Release|Any CPU.ActiveCfg = Release|Any CPU
		{CC3EB8BA-9CFD-49C4-83A1-2C7023728ECE}.Release|Any CPU.Build.0 = Release|Any CPU
	EndGlobalSection
	GlobalSection(SolutionProperties) = preSolution
		HideSolutionNode = FALSE
	EndGlobalSection
	GlobalSection(ExtensibilityGlobals) = postSolution
		SolutionGuid = {7C0DDDD9-8DE9-4DC3-8BB8-B88A7DBFBD20}
	EndGlobalSection
EndGlobal
